# This file is automatically generated by `dustpkg`.
# It is not intended for manual editing.

version = 3

[[package]]
name = "dustlib"
version = "0.2.0"
source = "registry+https://github.com/dustlang/dustlang-index"
dependencies = [
    # No external dependencies listed here for the top-level workspace package itself.
    # Dependencies for individual sectors (like dustlib_core) would be listed in *their* lock files
    # IF they depended on packages outside this workspace.
    # Since dustlib_core is foundational, it likely has no external deps initially.
]

# The actual locked versions and checksums for *external* dependencies
# of sectors within this workspace would appear here if they existed.
# e.g.,
# [[package]]
# name = "some_external_dependency"
# version = "1.2.3"
# source = "registry+https://github.com/dustlang/dustlang-index"
# checksum = "..."
# dependencies = [...]